// !$*UTF8*$!
{
	archiveVersion = 1;
	classes = {
	};
	objectVersion = 46;
	objects = {

/* Begin PBXBuildFile section */
		016CDD201BF23307000EC171 /* AppDelegate.swift in Sources */ = {isa = PBXBuildFile; fileRef = 016CDD1F1BF23307000EC171 /* AppDelegate.swift */; };
		016CDD221BF23307000EC171 /* ViewController.swift in Sources */ = {isa = PBXBuildFile; fileRef = 016CDD211BF23307000EC171 /* ViewController.swift */; };
		016CDD251BF23307000EC171 /* Main.storyboard in Resources */ = {isa = PBXBuildFile; fileRef = 016CDD231BF23307000EC171 /* Main.storyboard */; };
		016CDD271BF23307000EC171 /* Assets.xcassets in Resources */ = {isa = PBXBuildFile; fileRef = 016CDD261BF23307000EC171 /* Assets.xcassets */; };
		016CDD2A1BF23307000EC171 /* LaunchScreen.storyboard in Resources */ = {isa = PBXBuildFile; fileRef = 016CDD281BF23307000EC171 /* LaunchScreen.storyboard */; };
		016CDD381BF23345000EC171 /* off@2x.png in Resources */ = {isa = PBXBuildFile; fileRef = 016CDD361BF23345000EC171 /* off@2x.png */; };
		016CDD391BF23345000EC171 /* on@2x.png in Resources */ = {isa = PBXBuildFile; fileRef = 016CDD371BF23345000EC171 /* on@2x.png */; };
		016CDD531BF2336C000EC171 /* libIKit.a in Frameworks */ = {isa = PBXBuildFile; fileRef = 016CDD521BF2336C000EC171 /* libIKit.a */; };
		016CDD551BF233B4000EC171 /* addClassText.xml in Resources */ = {isa = PBXBuildFile; fileRef = 016CDD541BF233B4000EC171 /* addClassText.xml */; };
		016CDD581BF2340B000EC171 /* wxzf@2x.png in Resources */ = {isa = PBXBuildFile; fileRef = 016CDD561BF2340B000EC171 /* wxzf@2x.png */; };
		016CDD591BF2340B000EC171 /* zfb@2x.png in Resources */ = {isa = PBXBuildFile; fileRef = 016CDD571BF2340B000EC171 /* zfb@2x.png */; };
/* End PBXBuildFile section */

/* Begin PBXFileReference section */
		016CDD1C1BF23306000EC171 /* addClassText.app */ = {isa = PBXFileReference; explicitFileType = wrapper.application; includeInIndex = 0; path = addClassText.app; sourceTree = BUILT_PRODUCTS_DIR; };
		016CDD1F1BF23307000EC171 /* AppDelegate.swift */ = {isa = PBXFileReference; lastKnownFileType = sourcecode.swift; path = AppDelegate.swift; sourceTree = "<group>"; };
		016CDD211BF23307000EC171 /* ViewController.swift */ = {isa = PBXFileReference; lastKnownFileType = sourcecode.swift; path = ViewController.swift; sourceTree = "<group>"; };
		016CDD241BF23307000EC171 /* Base */ = {isa = PBXFileReference; lastKnownFileType = file.storyboard; name = Base; path = Base.lproj/Main.storyboard; sourceTree = "<group>"; };
		016CDD261BF23307000EC171 /* Assets.xcassets */ = {isa = PBXFileReference; lastKnownFileType = folder.assetcatalog; path = Assets.xcassets; sourceTree = "<group>"; };
		016CDD291BF23307000EC171 /* Base */ = {isa = PBXFileReference; lastKnownFileType = file.storyboard; name = Base; path = Base.lproj/LaunchScreen.storyboard; sourceTree = "<group>"; };
		016CDD2B1BF23307000EC171 /* Info.plist */ = {isa = PBXFileReference; lastKnownFileType = text.plist.xml; path = Info.plist; sourceTree = "<group>"; };
		016CDD321BF2332E000EC171 /* addClassText-Bridging-Header.h */ = {isa = PBXFileReference; lastKnownFileType = sourcecode.c.h; path = "addClassText-Bridging-Header.h"; sourceTree = "<group>"; };
		016CDD361BF23345000EC171 /* off@2x.png */ = {isa = PBXFileReference; lastKnownFileType = image.png; path = "off@2x.png"; sourceTree = "<group>"; };
		016CDD371BF23345000EC171 /* on@2x.png */ = {isa = PBXFileReference; lastKnownFileType = image.png; path = "on@2x.png"; sourceTree = "<group>"; };
		016CDD3D1BF2336C000EC171 /* IButton.h */ = {isa = PBXFileReference; fileEncoding = 4; lastKnownFileType = sourcecode.c.h; path = IButton.h; sourceTree = "<group>"; };
		016CDD3E1BF2336C000EC171 /* IImage.h */ = {isa = PBXFileReference; fileEncoding = 4; lastKnownFileType = sourcecode.c.h; path = IImage.h; sourceTree = "<group>"; };
		016CDD3F1BF2336C000EC171 /* IInput.h */ = {isa = PBXFileReference; fileEncoding = 4; lastKnownFileType = sourcecode.c.h; path = IInput.h; sourceTree = "<group>"; };
		016CDD401BF2336C000EC171 /* IKit.h */ = {isa = PBXFileReference; fileEncoding = 4; lastKnownFileType = sourcecode.c.h; path = IKit.h; sourceTree = "<group>"; };
		016CDD411BF2336C000EC171 /* IKitUtil.h */ = {isa = PBXFileReference; fileEncoding = 4; lastKnownFileType = sourcecode.c.h; path = IKitUtil.h; sourceTree = "<group>"; };
		016CDD421BF2336C000EC171 /* ILabel.h */ = {isa = PBXFileReference; fileEncoding = 4; lastKnownFileType = sourcecode.c.h; path = ILabel.h; sourceTree = "<group>"; };
		016CDD431BF2336C000EC171 /* IPopover.h */ = {isa = PBXFileReference; fileEncoding = 4; lastKnownFileType = sourcecode.c.h; path = IPopover.h; sourceTree = "<group>"; };
		016CDD441BF2336C000EC171 /* IPullRefresh.h */ = {isa = PBXFileReference; fileEncoding = 4; lastKnownFileType = sourcecode.c.h; path = IPullRefresh.h; sourceTree = "<group>"; };
		016CDD451BF2336C000EC171 /* IRefreshControl.h */ = {isa = PBXFileReference; fileEncoding = 4; lastKnownFileType = sourcecode.c.h; path = IRefreshControl.h; sourceTree = "<group>"; };
		016CDD461BF2336C000EC171 /* IStyle.h */ = {isa = PBXFileReference; fileEncoding = 4; lastKnownFileType = sourcecode.c.h; path = IStyle.h; sourceTree = "<group>"; };
		016CDD471BF2336C000EC171 /* IStyleUtil.h */ = {isa = PBXFileReference; fileEncoding = 4; lastKnownFileType = sourcecode.c.h; path = IStyleUtil.h; sourceTree = "<group>"; };
		016CDD481BF2336C000EC171 /* ISwitch.h */ = {isa = PBXFileReference; fileEncoding = 4; lastKnownFileType = sourcecode.c.h; path = ISwitch.h; sourceTree = "<group>"; };
		016CDD491BF2336C000EC171 /* ITable.h */ = {isa = PBXFileReference; fileEncoding = 4; lastKnownFileType = sourcecode.c.h; path = ITable.h; sourceTree = "<group>"; };
		016CDD4A1BF2336C000EC171 /* ITableRow.h */ = {isa = PBXFileReference; fileEncoding = 4; lastKnownFileType = sourcecode.c.h; path = ITableRow.h; sourceTree = "<group>"; };
		016CDD4B1BF2336C000EC171 /* IView.h */ = {isa = PBXFileReference; fileEncoding = 4; lastKnownFileType = sourcecode.c.h; path = IView.h; sourceTree = "<group>"; };
		016CDD4D1BF2336C000EC171 /* Http.h */ = {isa = PBXFileReference; fileEncoding = 4; lastKnownFileType = sourcecode.c.h; path = Http.h; sourceTree = "<group>"; };
		016CDD4E1BF2336C000EC171 /* IDict.h */ = {isa = PBXFileReference; fileEncoding = 4; lastKnownFileType = sourcecode.c.h; path = IDict.h; sourceTree = "<group>"; };
		016CDD4F1BF2336C000EC171 /* IObj.h */ = {isa = PBXFileReference; fileEncoding = 4; lastKnownFileType = sourcecode.c.h; path = IObj.h; sourceTree = "<group>"; };
		016CDD501BF2336C000EC171 /* RSA.h */ = {isa = PBXFileReference; fileEncoding = 4; lastKnownFileType = sourcecode.c.h; path = RSA.h; sourceTree = "<group>"; };
		016CDD511BF2336C000EC171 /* Text.h */ = {isa = PBXFileReference; fileEncoding = 4; lastKnownFileType = sourcecode.c.h; path = Text.h; sourceTree = "<group>"; };
		016CDD521BF2336C000EC171 /* libIKit.a */ = {isa = PBXFileReference; lastKnownFileType = archive.ar; path = libIKit.a; sourceTree = "<group>"; };
		016CDD541BF233B4000EC171 /* addClassText.xml */ = {isa = PBXFileReference; fileEncoding = 4; lastKnownFileType = text.xml; path = addClassText.xml; sourceTree = "<group>"; };
		016CDD561BF2340B000EC171 /* wxzf@2x.png */ = {isa = PBXFileReference; lastKnownFileType = image.png; path = "wxzf@2x.png"; sourceTree = "<group>"; };
		016CDD571BF2340B000EC171 /* zfb@2x.png */ = {isa = PBXFileReference; lastKnownFileType = image.png; path = "zfb@2x.png"; sourceTree = "<group>"; };
/* End PBXFileReference section */

/* Begin PBXFrameworksBuildPhase section */
		016CDD191BF23306000EC171 /* Frameworks */ = {
			isa = PBXFrameworksBuildPhase;
			buildActionMask = 2147483647;
			files = (
				016CDD531BF2336C000EC171 /* libIKit.a in Frameworks */,
			);
			runOnlyForDeploymentPostprocessing = 0;
		};
/* End PBXFrameworksBuildPhase section */

/* Begin PBXGroup section */
		016CDD131BF23306000EC171 = {
			isa = PBXGroup;
			children = (
				016CDD1E1BF23307000EC171 /* addClassText */,
				016CDD1D1BF23306000EC171 /* Products */,
			);
			sourceTree = "<group>";
		};
		016CDD1D1BF23306000EC171 /* Products */ = {
			isa = PBXGroup;
			children = (
				016CDD1C1BF23306000EC171 /* addClassText.app */,
			);
			name = Products;
			sourceTree = "<group>";
		};
		016CDD1E1BF23307000EC171 /* addClassText */ = {
			isa = PBXGroup;
			children = (
				016CDD311BF23316000EC171 /* cocoaUI */,
				016CDD1F1BF23307000EC171 /* AppDelegate.swift */,
				016CDD211BF23307000EC171 /* ViewController.swift */,
				016CDD541BF233B4000EC171 /* addClassText.xml */,
				016CDD361BF23345000EC171 /* off@2x.png */,
				016CDD371BF23345000EC171 /* on@2x.png */,
				016CDD561BF2340B000EC171 /* wxzf@2x.png */,
				016CDD571BF2340B000EC171 /* zfb@2x.png */,
				016CDD231BF23307000EC171 /* Main.storyboard */,
				016CDD261BF23307000EC171 /* Assets.xcassets */,
				016CDD281BF23307000EC171 /* LaunchScreen.storyboard */,
				016CDD2B1BF23307000EC171 /* Info.plist */,
				016CDD321BF2332E000EC171 /* addClassText-Bridging-Header.h */,
			);
			path = addClassText;
			sourceTree = "<group>";
		};
		016CDD311BF23316000EC171 /* cocoaUI */ = {
			isa = PBXGroup;
			children = (
				016CDD3A1BF2336C000EC171 /* IKit */,
			);
			name = cocoaUI;
			sourceTree = "<group>";
		};
		016CDD3A1BF2336C000EC171 /* IKit */ = {
			isa = PBXGroup;
			children = (
				016CDD3B1BF2336C000EC171 /* include */,
				016CDD521BF2336C000EC171 /* libIKit.a */,
			);
			path = IKit;
			sourceTree = "<group>";
		};
		016CDD3B1BF2336C000EC171 /* include */ = {
			isa = PBXGroup;
			children = (
				016CDD3C1BF2336C000EC171 /* IKit */,
				016CDD4C1BF2336C000EC171 /* IObj */,
			);
			path = include;
			sourceTree = "<group>";
		};
		016CDD3C1BF2336C000EC171 /* IKit */ = {
			isa = PBXGroup;
			children = (
				016CDD3D1BF2336C000EC171 /* IButton.h */,
				016CDD3E1BF2336C000EC171 /* IImage.h */,
				016CDD3F1BF2336C000EC171 /* IInput.h */,
				016CDD401BF2336C000EC171 /* IKit.h */,
				016CDD411BF2336C000EC171 /* IKitUtil.h */,
				016CDD421BF2336C000EC171 /* ILabel.h */,
				016CDD431BF2336C000EC171 /* IPopover.h */,
				016CDD441BF2336C000EC171 /* IPullRefresh.h */,
				016CDD451BF2336C000EC171 /* IRefreshControl.h */,
				016CDD461BF2336C000EC171 /* IStyle.h */,
				016CDD471BF2336C000EC171 /* IStyleUtil.h */,
				016CDD481BF2336C000EC171 /* ISwitch.h */,
				016CDD491BF2336C000EC171 /* ITable.h */,
				016CDD4A1BF2336C000EC171 /* ITableRow.h */,
				016CDD4B1BF2336C000EC171 /* IView.h */,
			);
			path = IKit;
			sourceTree = "<group>";
		};
		016CDD4C1BF2336C000EC171 /* IObj */ = {
			isa = PBXGroup;
			children = (
				016CDD4D1BF2336C000EC171 /* Http.h */,
				016CDD4E1BF2336C000EC171 /* IDict.h */,
				016CDD4F1BF2336C000EC171 /* IObj.h */,
				016CDD501BF2336C000EC171 /* RSA.h */,
				016CDD511BF2336C000EC171 /* Text.h */,
			);
			path = IObj;
			sourceTree = "<group>";
		};
/* End PBXGroup section */

/* Begin PBXNativeTarget section */
		016CDD1B1BF23306000EC171 /* addClassText */ = {
			isa = PBXNativeTarget;
			buildConfigurationList = 016CDD2E1BF23307000EC171 /* Build configuration list for PBXNativeTarget "addClassText" */;
			buildPhases = (
				016CDD181BF23306000EC171 /* Sources */,
				016CDD191BF23306000EC171 /* Frameworks */,
				016CDD1A1BF23306000EC171 /* Resources */,
			);
			buildRules = (
			);
			dependencies = (
			);
			name = addClassText;
			productName = addClassText;
			productReference = 016CDD1C1BF23306000EC171 /* addClassText.app */;
			productType = "com.apple.product-type.application";
		};
/* End PBXNativeTarget section */

/* Begin PBXProject section */
		016CDD141BF23306000EC171 /* Project object */ = {
			isa = PBXProject;
			attributes = {
				LastSwiftUpdateCheck = 0710;
				LastUpgradeCheck = 0710;
				ORGANIZATIONNAME = "林竞成";
				TargetAttributes = {
					016CDD1B1BF23306000EC171 = {
						CreatedOnToolsVersion = 7.1;
					};
				};
			};
			buildConfigurationList = 016CDD171BF23306000EC171 /* Build configuration list for PBXProject "addClassText" */;
			compatibilityVersion = "Xcode 3.2";
			developmentRegion = English;
			hasScannedForEncodings = 0;
			knownRegions = (
				en,
				Base,
			);
			mainGroup = 016CDD131BF23306000EC171;
			productRefGroup = 016CDD1D1BF23306000EC171 /* Products */;
			projectDirPath = "";
			projectRoot = "";
			targets = (
				016CDD1B1BF23306000EC171 /* addClassText */,
			);
		};
/* End PBXProject section */

/* Begin PBXResourcesBuildPhase section */
		016CDD1A1BF23306000EC171 /* Resources */ = {
			isa = PBXResourcesBuildPhase;
			buildActionMask = 2147483647;
			files = (
				016CDD2A1BF23307000EC171 /* LaunchScreen.storyboard in Resources */,
				016CDD591BF2340B000EC171 /* zfb@2x.png in Resources */,
				016CDD271BF23307000EC171 /* Assets.xcassets in Resources */,
				016CDD391BF23345000EC171 /* on@2x.png in Resources */,
				016CDD551BF233B4000EC171 /* addClassText.xml in Resources */,
				016CDD381BF23345000EC171 /* off@2x.png in Resources */,
				016CDD581BF2340B000EC171 /* wxzf@2x.png in Resources */,
				016CDD251BF23307000EC171 /* Main.storyboard in Resources */,
			);
			runOnlyForDeploymentPostprocessing = 0;
		};
/* End PBXResourcesBuildPhase section */

/* Begin PBXSourcesBuildPhase section */
		016CDD181BF23306000EC171 /* Sources */ = {
			isa = PBXSourcesBuildPhase;
			buildActionMask = 2147483647;
			files = (
				016CDD221BF23307000EC171 /* ViewController.swift in Sources */,
				016CDD201BF23307000EC171 /* AppDelegate.swift in Sources */,
			);
			runOnlyForDeploymentPostprocessing = 0;
		};
/* End PBXSourcesBuildPhase section */

/* Begin PBXVariantGroup section */
		016CDD231BF23307000EC171 /* Main.storyboard */ = {
			isa = PBXVariantGroup;
			children = (
				016CDD241BF23307000EC171 /* Base */,
			);
			name = Main.storyboard;
			sourceTree = "<group>";
		};
		016CDD281BF23307000EC171 /* LaunchScreen.storyboard */ = {
			isa = PBXVariantGroup;
			children = (
				016CDD291BF23307000EC171 /* Base */,
			);
			name = LaunchScreen.storyboard;
			sourceTree = "<group>";
		};
/* End PBXVariantGroup section */

/* Begin XCBuildConfiguration section */
		016CDD2C1BF23307000EC171 /* Debug */ = {
			isa = XCBuildConfiguration;
			buildSettings = {
				ALWAYS_SEARCH_USER_PATHS = NO;
				CLANG_CXX_LANGUAGE_STANDARD = "gnu++0x";
				CLANG_CXX_LIBRARY = "libc++";
				CLANG_ENABLE_MODULES = YES;
				CLANG_ENABLE_OBJC_ARC = YES;
				CLANG_WARN_BOOL_CONVERSION = YES;
				CLANG_WARN_CONSTANT_CONVERSION = YES;
				CLANG_WARN_DIRECT_OBJC_ISA_USAGE = YES_ERROR;
				CLANG_WARN_EMPTY_BODY = YES;
				CLANG_WARN_ENUM_CONVERSION = YES;
				CLANG_WARN_INT_CONVERSION = YES;
				CLANG_WARN_OBJC_ROOT_CLASS = YES_ERROR;
				CLANG_WARN_UNREACHABLE_CODE = YES;
				CLANG_WARN__DUPLICATE_METHOD_MATCH = YES;
				"CODE_SIGN_IDENTITY[sdk=iphoneos*]" = "iPhone Developer";
				COPY_PHASE_STRIP = NO;
				DEBUG_INFORMATION_FORMAT = dwarf;
				ENABLE_STRICT_OBJC_MSGSEND = YES;
				ENABLE_TESTABILITY = YES;
				GCC_C_LANGUAGE_STANDARD = gnu99;
				GCC_DYNAMIC_NO_PIC = NO;
				GCC_NO_COMMON_BLOCKS = YES;
				GCC_OPTIMIZATION_LEVEL = 0;
				GCC_PREPROCESSOR_DEFINITIONS = (
					"DEBUG=1",
					"$(inherited)",
				);
				GCC_WARN_64_TO_32_BIT_CONVERSION = YES;
				GCC_WARN_ABOUT_RETURN_TYPE = YES_ERROR;
				GCC_WARN_UNDECLARED_SELECTOR = YES;
				GCC_WARN_UNINITIALIZED_AUTOS = YES_AGGRESSIVE;
				GCC_WARN_UNUSED_FUNCTION = YES;
				GCC_WARN_UNUSED_VARIABLE = YES;
				IPHONEOS_DEPLOYMENT_TARGET = 9.1;
				MTL_ENABLE_DEBUG_INFO = YES;
				ONLY_ACTIVE_ARCH = YES;
				SDKROOT = iphoneos;
				SWIFT_OPTIMIZATION_LEVEL = "-Onone";
				TARGETED_DEVICE_FAMILY = "1,2";
			};
			name = Debug;
		};
		016CDD2D1BF23307000EC171 /* Release */ = {
			isa = XCBuildConfiguration;
			buildSettings = {
				ALWAYS_SEARCH_USER_PATHS = NO;
				CLANG_CXX_LANGUAGE_STANDARD = "gnu++0x";
				CLANG_CXX_LIBRARY = "libc++";
				CLANG_ENABLE_MODULES = YES;
				CLANG_ENABLE_OBJC_ARC = YES;
				CLANG_WARN_BOOL_CONVERSION = YES;
				CLANG_WARN_CONSTANT_CONVERSION = YES;
				CLANG_WARN_DIRECT_OBJC_ISA_USAGE = YES_ERROR;
				CLANG_WARN_EMPTY_BODY = YES;
				CLANG_WARN_ENUM_CONVERSION = YES;
				CLANG_WARN_INT_CONVERSION = YES;
				CLANG_WARN_OBJC_ROOT_CLASS = YES_ERROR;
				CLANG_WARN_UNREACHABLE_CODE = YES;
				CLANG_WARN__DUPLICATE_METHOD_MATCH = YES;
				"CODE_SIGN_IDENTITY[sdk=iphoneos*]" = "iPhone Developer";
				COPY_PHASE_STRIP = NO;
				DEBUG_INFORMATION_FORMAT = "dwarf-with-dsym";
				ENABLE_NS_ASSERTIONS = NO;
				ENABLE_STRICT_OBJC_MSGSEND = YES;
				GCC_C_LANGUAGE_STANDARD = gnu99;
				GCC_NO_COMMON_BLOCKS = YES;
				GCC_WARN_64_TO_32_BIT_CONVERSION = YES;
				GCC_WARN_ABOUT_RETURN_TYPE = YES_ERROR;
				GCC_WARN_UNDECLARED_SELECTOR = YES;
				GCC_WARN_UNINITIALIZED_AUTOS = YES_AGGRESSIVE;
				GCC_WARN_UNUSED_FUNCTION = YES;
				GCC_WARN_UNUSED_VARIABLE = YES;
				IPHONEOS_DEPLOYMENT_TARGET = 9.1;
				MTL_ENABLE_DEBUG_INFO = NO;
				SDKROOT = iphoneos;
				TARGETED_DEVICE_FAMILY = "1,2";
				VALIDATE_PRODUCT = YES;
			};
			name = Release;
		};
		016CDD2F1BF23307000EC171 /* Debug */ = {
			isa = XCBuildConfiguration;
			buildSettings = {
				ASSETCATALOG_COMPILER_APPICON_NAME = AppIcon;
				CLANG_ENABLE_MODULES = YES;
				INFOPLIST_FILE = addClassText/Info.plist;
				LD_RUNPATH_SEARCH_PATHS = "$(inherited) @executable_path/Frameworks";
				LIBRARY_SEARCH_PATHS = (
					"$(inherited)",
					"$(PROJECT_DIR)/addClassText/IKit",
				);
				PRODUCT_BUNDLE_IDENTIFIER = com.sanfu.com.addClassText;
				PRODUCT_NAME = "$(TARGET_NAME)";
				SWIFT_OBJC_BRIDGING_HEADER = "addClassText/addClassText-Bridging-Header.h";
				SWIFT_OPTIMIZATION_LEVEL = "-Onone";
			};
			name = Debug;
		};
		016CDD301BF23307000EC171 /* Release */ = {
			isa = XCBuildConfiguration;
			buildSettings = {
				ASSETCATALOG_COMPILER_APPICON_NAME = AppIcon;
				CLANG_ENABLE_MODULES = YES;
				INFOPLIST_FILE = addClassText/Info.plist;
				LD_RUNPATH_SEARCH_PATHS = "$(inherited) @executable_path/Frameworks";
				LIBRARY_SEARCH_PATHS = (
					"$(inherited)",
					"$(PROJECT_DIR)/addClassText/IKit",
				);
				PRODUCT_BUNDLE_IDENTIFIER = com.sanfu.com.addClassText;
				PRODUCT_NAME = "$(TARGET_NAME)";
				SWIFT_OBJC_BRIDGING_HEADER = "addClassText/addClassText-Bridging-Header.h";
			};
			name = Release;
		};
/* End XCBuildConfiguration section */

/* Begin XCConfigurationList section */
		016CDD171BF23306000EC171 /* Build configuration list for PBXProject "addClassText" */ = {
			isa = XCConfigurationList;
			buildConfigurations = (
				016CDD2C1BF23307000EC171 /* Debug */,
				016CDD2D1BF23307000EC171 /* Release */,
			);
			defaultConfigurationIsVisible = 0;
			defaultConfigurationName = Release;
		};
		016CDD2E1BF23307000EC171 /* Build configuration list for PBXNativeTarget "addClassText" */ = {
			isa = XCConfigurationList;
			buildConfigurations = (
				016CDD2F1BF23307000EC171 /* Debug */,
				016CDD301BF23307000EC171 /* Release */,
			);
			defaultConfigurationIsVisible = 0;
		};
/* End XCConfigurationList section */
	};
	rootObject = 016CDD141BF23306000EC171 /* Project object */;
}
